
Microsoft Visual Studio Solution File, Format Version 12.00
# Visual Studio Version 16
VisualStudioVersion = 16.0.29613.14
MinimumVisualStudioVersion = 10.0.40219.1
Project("{2150E333-8FDC-42A3-9474-1A3956D46DE8}") = "Testing", "Testing", "{13F6D36B-39DC-43E0-AB97-80799EC2F913}"
EndProject
Project("{9A19103F-16F7-4668-BE54-9A1E7A4F7556}") = "EquipApps.Testing.Abstractions", "src\Testing\Abstractions\src\EquipApps.Testing.Abstractions.csproj", "{A9949141-93F6-44F4-9DBF-4D9AB07F0D0F}"
EndProject
Project("{9A19103F-16F7-4668-BE54-9A1E7A4F7556}") = "EquipApps.Testing.Wpf", "src\Testing\Wpf\src\EquipApps.Testing.Wpf.csproj", "{F1F58001-2E18-4777-8CB3-24C687A5092D}"
EndProject
Project("{2150E333-8FDC-42A3-9474-1A3956D46DE8}") = "samples", "samples", "{D4FF0E62-5969-45CF-88F0-5ACCD9F451AB}"
EndProject
Project("{9A19103F-16F7-4668-BE54-9A1E7A4F7556}") = "EquipApps.Hardware.Abstractions", "src\Hardware\Abstractions\src\EquipApps.Hardware.Abstractions.csproj", "{241B5ED2-CB1A-4E4C-9DE0-43276BDFE791}"
EndProject
Project("{2150E333-8FDC-42A3-9474-1A3956D46DE8}") = "Hardware", "Hardware", "{06648521-9184-4855-907A-5C9AA0BE1874}"
EndProject
Project("{9A19103F-16F7-4668-BE54-9A1E7A4F7556}") = "EquipApps.Hardware.Core", "src\Hardware\Core\src\EquipApps.Hardware.Core.csproj", "{5D968BC2-9C34-42C9-8D82-A0D13C969CF7}"
EndProject
Project("{9A19103F-16F7-4668-BE54-9A1E7A4F7556}") = "EquipApps.Hardware.Core.Tests", "src\Hardware\Core\test\EquipApps.Hardware.Core.Tests.csproj", "{09AEAC15-135A-4784-84A6-6778A302EFFB}"
EndProject
Project("{2150E333-8FDC-42A3-9474-1A3956D46DE8}") = "samples", "samples", "{6BF6B692-4CC0-4CE4-B437-0609DCAAA292}"
EndProject
Project("{2150E333-8FDC-42A3-9474-1A3956D46DE8}") = "Mvc", "Mvc", "{135838B4-4F28-4B6E-B8BF-EAD73B1DC0C2}"
EndProject
Project("{9A19103F-16F7-4668-BE54-9A1E7A4F7556}") = "EquipApps.Mvc.Abstractions", "src\Mvc\Abstractions\src\EquipApps.Mvc.Abstractions.csproj", "{74E4814A-8DA1-4185-A998-49584594AD02}"
EndProject
Project("{9A19103F-16F7-4668-BE54-9A1E7A4F7556}") = "EquipApps.Mvc.Core", "src\Mvc\Core\src\EquipApps.Mvc.Core.csproj", "{34C9B411-6946-4A89-B76A-EEAF231E8126}"
EndProject
Project("{9A19103F-16F7-4668-BE54-9A1E7A4F7556}") = "EquipApps.Mvc.Core.Tests", "src\Mvc\Core\test\EquipApps.Mvc.Core.Tests.csproj", "{77802E76-6ED1-4F97-AD08-2F2728FF2468}"
EndProject
Project("{2150E333-8FDC-42A3-9474-1A3956D46DE8}") = "samples", "samples", "{CF37B285-F6D8-4C37-9FEF-A60C7FD8C560}"
EndProject
Project("{2150E333-8FDC-42A3-9474-1A3956D46DE8}") = "src", "src", "{3E1A9720-FB34-43D1-9BBA-E7E36138CBB0}"
EndProject
Project("{2150E333-8FDC-42A3-9474-1A3956D46DE8}") = "Shared", "Shared", "{26B50B69-6DB4-44BE-93C3-9BFB170343A3}"
EndProject
Project("{D954291E-2A0B-460D-934E-DC6B0785DB48}") = "EquipApps.Shared", "src\Shared\src\EquipApps.Shared\EquipApps.Shared.shproj", "{D2614BB7-1EA9-4084-9F6F-B2520B7D7E5D}"
EndProject
Project("{2150E333-8FDC-42A3-9474-1A3956D46DE8}") = "Solution Items", "Solution Items", "{0179A542-F07F-4D5B-9C62-4B8B2994674C}"
	ProjectSection(SolutionItems) = preProject
		ApplicationGraph.dgml = ApplicationGraph.dgml
	EndProjectSection
EndProject
Project("{9A19103F-16F7-4668-BE54-9A1E7A4F7556}") = "EquipApps.Mvc.Reactive", "src\Mvc\Reactive\src\EquipApps.Mvc.Reactive.csproj", "{6D983ADB-39B8-47B5-8FED-0DD739439248}"
EndProject
Project("{9A19103F-16F7-4668-BE54-9A1E7A4F7556}") = "EquipApps.Mvc.Reactive.LogsFeatures", "src\Mvc\Reactive.LogsFeatures\src\EquipApps.Mvc.Reactive.LogsFeatures.csproj", "{615552EF-4E16-4077-9DB4-DAFCAD59D911}"
EndProject
Project("{9A19103F-16F7-4668-BE54-9A1E7A4F7556}") = "EquipApps.Mvc.Reactive.ViewFeatures", "src\Mvc\Reactive.ViewFeatures\src\EquipApps.Mvc.Reactive.ViewFeatures.csproj", "{FBEAE5E3-441B-4754-B07D-DF7ABA21436F}"
EndProject
Project("{9A19103F-16F7-4668-BE54-9A1E7A4F7556}") = "EquipApps.Mvc.Reactive.WorkFeatures", "src\Mvc\Reactive.WorkFeatures\src\EquipApps.Mvc.Reactive.WorkFeatures.csproj", "{E3F2B552-48F9-4559-BC7E-C396643A3602}"
EndProject
Project("{2150E333-8FDC-42A3-9474-1A3956D46DE8}") = "tests", "tests", "{4E9AFF1F-F10A-4D82-9046-D2BE96B83A80}"
EndProject
Project("{2150E333-8FDC-42A3-9474-1A3956D46DE8}") = "tests", "tests", "{56CA5B76-6FEA-47DE-841A-71DF704BCAEE}"
EndProject
Project("{9A19103F-16F7-4668-BE54-9A1E7A4F7556}") = "EquipApps.Hardware.Abstractions.Tests", "src\Hardware\Abstractions\test\EquipApps.Hardware.Abstractions.Tests.csproj", "{BE24DA2C-0CB6-475C-ABAA-A6AEFFDE03D2}"
EndProject
Global
	GlobalSection(SharedMSBuildProjectFiles) = preSolution
		src\Shared\src\EquipApps.Shared\EquipApps.Shared.projitems*{34c9b411-6946-4a89-b76a-eeaf231e8126}*SharedItemsImports = 5
		src\Shared\src\EquipApps.Shared\EquipApps.Shared.projitems*{74e4814a-8da1-4185-a998-49584594ad02}*SharedItemsImports = 5
		src\Shared\src\EquipApps.Shared\EquipApps.Shared.projitems*{d2614bb7-1ea9-4084-9f6f-b2520b7d7e5d}*SharedItemsImports = 13
	EndGlobalSection
	GlobalSection(SolutionConfigurationPlatforms) = preSolution
		Debug|Any CPU = Debug|Any CPU
		Release|Any CPU = Release|Any CPU
	EndGlobalSection
	GlobalSection(ProjectConfigurationPlatforms) = postSolution
		{A9949141-93F6-44F4-9DBF-4D9AB07F0D0F}.Debug|Any CPU.ActiveCfg = Debug|Any CPU
		{A9949141-93F6-44F4-9DBF-4D9AB07F0D0F}.Debug|Any CPU.Build.0 = Debug|Any CPU
		{A9949141-93F6-44F4-9DBF-4D9AB07F0D0F}.Release|Any CPU.ActiveCfg = Release|Any CPU
		{A9949141-93F6-44F4-9DBF-4D9AB07F0D0F}.Release|Any CPU.Build.0 = Release|Any CPU
		{F1F58001-2E18-4777-8CB3-24C687A5092D}.Debug|Any CPU.ActiveCfg = Debug|Any CPU
		{F1F58001-2E18-4777-8CB3-24C687A5092D}.Debug|Any CPU.Build.0 = Debug|Any CPU
		{F1F58001-2E18-4777-8CB3-24C687A5092D}.Release|Any CPU.ActiveCfg = Release|Any CPU
		{F1F58001-2E18-4777-8CB3-24C687A5092D}.Release|Any CPU.Build.0 = Release|Any CPU
		{241B5ED2-CB1A-4E4C-9DE0-43276BDFE791}.Debug|Any CPU.ActiveCfg = Debug|Any CPU
		{241B5ED2-CB1A-4E4C-9DE0-43276BDFE791}.Debug|Any CPU.Build.0 = Debug|Any CPU
		{241B5ED2-CB1A-4E4C-9DE0-43276BDFE791}.Release|Any CPU.ActiveCfg = Release|Any CPU
		{241B5ED2-CB1A-4E4C-9DE0-43276BDFE791}.Release|Any CPU.Build.0 = Release|Any CPU
		{5D968BC2-9C34-42C9-8D82-A0D13C969CF7}.Debug|Any CPU.ActiveCfg = Debug|Any CPU
		{5D968BC2-9C34-42C9-8D82-A0D13C969CF7}.Debug|Any CPU.Build.0 = Debug|Any CPU
		{5D968BC2-9C34-42C9-8D82-A0D13C969CF7}.Release|Any CPU.ActiveCfg = Release|Any CPU
		{5D968BC2-9C34-42C9-8D82-A0D13C969CF7}.Release|Any CPU.Build.0 = Release|Any CPU
		{09AEAC15-135A-4784-84A6-6778A302EFFB}.Debug|Any CPU.ActiveCfg = Debug|Any CPU
		{09AEAC15-135A-4784-84A6-6778A302EFFB}.Debug|Any CPU.Build.0 = Debug|Any CPU
		{09AEAC15-135A-4784-84A6-6778A302EFFB}.Release|Any CPU.ActiveCfg = Release|Any CPU
		{09AEAC15-135A-4784-84A6-6778A302EFFB}.Release|Any CPU.Build.0 = Release|Any CPU
		{74E4814A-8DA1-4185-A998-49584594AD02}.Debug|Any CPU.ActiveCfg = Debug|Any CPU
		{74E4814A-8DA1-4185-A998-49584594AD02}.Debug|Any CPU.Build.0 = Debug|Any CPU
		{74E4814A-8DA1-4185-A998-49584594AD02}.Release|Any CPU.ActiveCfg = Release|Any CPU
		{74E4814A-8DA1-4185-A998-49584594AD02}.Release|Any CPU.Build.0 = Release|Any CPU
		{34C9B411-6946-4A89-B76A-EEAF231E8126}.Debug|Any CPU.ActiveCfg = Debug|Any CPU
		{34C9B411-6946-4A89-B76A-EEAF231E8126}.Debug|Any CPU.Build.0 = Debug|Any CPU
		{34C9B411-6946-4A89-B76A-EEAF231E8126}.Release|Any CPU.ActiveCfg = Release|Any CPU
		{34C9B411-6946-4A89-B76A-EEAF231E8126}.Release|Any CPU.Build.0 = Release|Any CPU
		{77802E76-6ED1-4F97-AD08-2F2728FF2468}.Debug|Any CPU.ActiveCfg = Debug|Any CPU
		{77802E76-6ED1-4F97-AD08-2F2728FF2468}.Debug|Any CPU.Build.0 = Debug|Any CPU
		{77802E76-6ED1-4F97-AD08-2F2728FF2468}.Release|Any CPU.ActiveCfg = Release|Any CPU
		{77802E76-6ED1-4F97-AD08-2F2728FF2468}.Release|Any CPU.Build.0 = Release|Any CPU
		{6D983ADB-39B8-47B5-8FED-0DD739439248}.Debug|Any CPU.ActiveCfg = Debug|Any CPU
		{6D983ADB-39B8-47B5-8FED-0DD739439248}.Debug|Any CPU.Build.0 = Debug|Any CPU
		{6D983ADB-39B8-47B5-8FED-0DD739439248}.Release|Any CPU.ActiveCfg = Release|Any CPU
		{6D983ADB-39B8-47B5-8FED-0DD739439248}.Release|Any CPU.Build.0 = Release|Any CPU
		{615552EF-4E16-4077-9DB4-DAFCAD59D911}.Debug|Any CPU.ActiveCfg = Debug|Any CPU
		{615552EF-4E16-4077-9DB4-DAFCAD59D911}.Debug|Any CPU.Build.0 = Debug|Any CPU
		{615552EF-4E16-4077-9DB4-DAFCAD59D911}.Release|Any CPU.ActiveCfg = Release|Any CPU
		{615552EF-4E16-4077-9DB4-DAFCAD59D911}.Release|Any CPU.Build.0 = Release|Any CPU
		{FBEAE5E3-441B-4754-B07D-DF7ABA21436F}.Debug|Any CPU.ActiveCfg = Debug|Any CPU
		{FBEAE5E3-441B-4754-B07D-DF7ABA21436F}.Debug|Any CPU.Build.0 = Debug|Any CPU
		{FBEAE5E3-441B-4754-B07D-DF7ABA21436F}.Release|Any CPU.ActiveCfg = Release|Any CPU
		{FBEAE5E3-441B-4754-B07D-DF7ABA21436F}.Release|Any CPU.Build.0 = Release|Any CPU
		{E3F2B552-48F9-4559-BC7E-C396643A3602}.Debug|Any CPU.ActiveCfg = Debug|Any CPU
		{E3F2B552-48F9-4559-BC7E-C396643A3602}.Debug|Any CPU.Build.0 = Debug|Any CPU
		{E3F2B552-48F9-4559-BC7E-C396643A3602}.Release|Any CPU.ActiveCfg = Release|Any CPU
		{E3F2B552-48F9-4559-BC7E-C396643A3602}.Release|Any CPU.Build.0 = Release|Any CPU
		{BE24DA2C-0CB6-475C-ABAA-A6AEFFDE03D2}.Debug|Any CPU.ActiveCfg = Debug|Any CPU
		{BE24DA2C-0CB6-475C-ABAA-A6AEFFDE03D2}.Debug|Any CPU.Build.0 = Debug|Any CPU
		{BE24DA2C-0CB6-475C-ABAA-A6AEFFDE03D2}.Release|Any CPU.ActiveCfg = Release|Any CPU
		{BE24DA2C-0CB6-475C-ABAA-A6AEFFDE03D2}.Release|Any CPU.Build.0 = Release|Any CPU
	EndGlobalSection
	GlobalSection(SolutionProperties) = preSolution
		HideSolutionNode = FALSE
	EndGlobalSection
	GlobalSection(NestedProjects) = preSolution
		{13F6D36B-39DC-43E0-AB97-80799EC2F913} = {3E1A9720-FB34-43D1-9BBA-E7E36138CBB0}
		{A9949141-93F6-44F4-9DBF-4D9AB07F0D0F} = {13F6D36B-39DC-43E0-AB97-80799EC2F913}
		{F1F58001-2E18-4777-8CB3-24C687A5092D} = {13F6D36B-39DC-43E0-AB97-80799EC2F913}
		{D4FF0E62-5969-45CF-88F0-5ACCD9F451AB} = {13F6D36B-39DC-43E0-AB97-80799EC2F913}
		{241B5ED2-CB1A-4E4C-9DE0-43276BDFE791} = {06648521-9184-4855-907A-5C9AA0BE1874}
		{06648521-9184-4855-907A-5C9AA0BE1874} = {3E1A9720-FB34-43D1-9BBA-E7E36138CBB0}
		{5D968BC2-9C34-42C9-8D82-A0D13C969CF7} = {06648521-9184-4855-907A-5C9AA0BE1874}
		{09AEAC15-135A-4784-84A6-6778A302EFFB} = {56CA5B76-6FEA-47DE-841A-71DF704BCAEE}
		{6BF6B692-4CC0-4CE4-B437-0609DCAAA292} = {06648521-9184-4855-907A-5C9AA0BE1874}
		{135838B4-4F28-4B6E-B8BF-EAD73B1DC0C2} = {3E1A9720-FB34-43D1-9BBA-E7E36138CBB0}
		{74E4814A-8DA1-4185-A998-49584594AD02} = {135838B4-4F28-4B6E-B8BF-EAD73B1DC0C2}
		{34C9B411-6946-4A89-B76A-EEAF231E8126} = {135838B4-4F28-4B6E-B8BF-EAD73B1DC0C2}
		{77802E76-6ED1-4F97-AD08-2F2728FF2468} = {4E9AFF1F-F10A-4D82-9046-D2BE96B83A80}
		{CF37B285-F6D8-4C37-9FEF-A60C7FD8C560} = {135838B4-4F28-4B6E-B8BF-EAD73B1DC0C2}
		{26B50B69-6DB4-44BE-93C3-9BFB170343A3} = {3E1A9720-FB34-43D1-9BBA-E7E36138CBB0}
		{D2614BB7-1EA9-4084-9F6F-B2520B7D7E5D} = {26B50B69-6DB4-44BE-93C3-9BFB170343A3}
		{6D983ADB-39B8-47B5-8FED-0DD739439248} = {135838B4-4F28-4B6E-B8BF-EAD73B1DC0C2}
		{615552EF-4E16-4077-9DB4-DAFCAD59D911} = {135838B4-4F28-4B6E-B8BF-EAD73B1DC0C2}
		{FBEAE5E3-441B-4754-B07D-DF7ABA21436F} = {135838B4-4F28-4B6E-B8BF-EAD73B1DC0C2}
		{E3F2B552-48F9-4559-BC7E-C396643A3602} = {135838B4-4F28-4B6E-B8BF-EAD73B1DC0C2}
		{4E9AFF1F-F10A-4D82-9046-D2BE96B83A80} = {135838B4-4F28-4B6E-B8BF-EAD73B1DC0C2}
		{56CA5B76-6FEA-47DE-841A-71DF704BCAEE} = {06648521-9184-4855-907A-5C9AA0BE1874}
		{BE24DA2C-0CB6-475C-ABAA-A6AEFFDE03D2} = {56CA5B76-6FEA-47DE-841A-71DF704BCAEE}
	EndGlobalSection
	GlobalSection(ExtensibilityGlobals) = postSolution
		SolutionGuid = {5541298D-733B-43FF-81EF-6CC5EDD40E71}
	EndGlobalSection
EndGlobal
